// !$*UTF8*$!
{
	archiveVersion = 1;
	classes = {
	};
	objectVersion = 52;
	objects = {

/* Begin PBXBuildFile section */
		18CADB3228A92CDC007FC2C8 /* MainView.swift in Sources */ = {isa = PBXBuildFile; fileRef = 18CADB3128A92CDC007FC2C8 /* MainView.swift */; };
		18CADB3528A932FE007FC2C8 /* boilerplate-ios-swiftuiApp.swift in Sources */ = {isa = PBXBuildFile; fileRef = 18CADB3428A932FE007FC2C8 /* boilerplate-ios-swiftuiApp.swift */; };
		18CADB3828A93B4F007FC2C8 /* HomeView.swift in Sources */ = {isa = PBXBuildFile; fileRef = 18CADB3728A93B4F007FC2C8 /* HomeView.swift */; };
		18CADB3A28A97CC8007FC2C8 /* BoilerPlateSwiftUITests.swift in Sources */ = {isa = PBXBuildFile; fileRef = 18CADB3928A97CC8007FC2C8 /* BoilerPlateSwiftUITests.swift */; };
		18CADB3C28A97CDF007FC2C8 /* BoilerPlateSwiftUIUITests.swift in Sources */ = {isa = PBXBuildFile; fileRef = 18CADB3B28A97CDF007FC2C8 /* BoilerPlateSwiftUIUITests.swift */; };
		26BCDA102579826700096894 /* LoggerManager.swift in Sources */ = {isa = PBXBuildFile; fileRef = 26BCDA0F2579826700096894 /* LoggerManager.swift */; };
		26BCDA202579833600096894 /* Logger.swift in Sources */ = {isa = PBXBuildFile; fileRef = 26BCDA1F2579833600096894 /* Logger.swift */; };
		26BCDA252579852700096894 /* LoggingService.swift in Sources */ = {isa = PBXBuildFile; fileRef = 26BCDA242579852700096894 /* LoggingService.swift */; };
		26BCDA2A2579857E00096894 /* UIApplicationExtension.swift in Sources */ = {isa = PBXBuildFile; fileRef = 26BCDA292579857E00096894 /* UIApplicationExtension.swift */; };
		26BCDA2F2579859500096894 /* UIDeviceExtension.swift in Sources */ = {isa = PBXBuildFile; fileRef = 26BCDA2E2579859500096894 /* UIDeviceExtension.swift */; };
		26C4C62525769BE400358DAE /* Configuration.swift in Sources */ = {isa = PBXBuildFile; fileRef = 26C4C62425769BE400358DAE /* Configuration.swift */; };
		26C4C7012578BFE600358DAE /* sample-data.json in Resources */ = {isa = PBXBuildFile; fileRef = 26C4C7002578BFE600358DAE /* sample-data.json */; };
		2F56AE86256E44730007D0A2 /* UICollectionViewExtensions.swift in Sources */ = {isa = PBXBuildFile; fileRef = 2F56AE85256E44730007D0A2 /* UICollectionViewExtensions.swift */; };
		2F56AE88256E44A10007D0A2 /* UITableViewCellExtensions.swift in Sources */ = {isa = PBXBuildFile; fileRef = 2F56AE87256E44A10007D0A2 /* UITableViewCellExtensions.swift */; };
		2F56AE8A256E44BB0007D0A2 /* UICollectionViewCellExtensions.swift in Sources */ = {isa = PBXBuildFile; fileRef = 2F56AE89256E44BB0007D0A2 /* UICollectionViewCellExtensions.swift */; };
		2F56AE8C256E44F00007D0A2 /* UIViewControllerExtensions.swift in Sources */ = {isa = PBXBuildFile; fileRef = 2F56AE8B256E44F00007D0A2 /* UIViewControllerExtensions.swift */; };
		2F56AE8E256E487F0007D0A2 /* StringExtensions.swift in Sources */ = {isa = PBXBuildFile; fileRef = 2F56AE8D256E487F0007D0A2 /* StringExtensions.swift */; };
		2F56AE92256E4CD30007D0A2 /* Colors.xcassets in Resources */ = {isa = PBXBuildFile; fileRef = 2F56AE91256E4CD30007D0A2 /* Colors.xcassets */; };
		2F56AE94256E65910007D0A2 /* Images.xcassets in Resources */ = {isa = PBXBuildFile; fileRef = 2F56AE93256E65910007D0A2 /* Images.xcassets */; };
		2F56AE9C256E6EF70007D0A2 /* Icons.xcassets in Resources */ = {isa = PBXBuildFile; fileRef = 2F56AE9B256E6EF70007D0A2 /* Icons.xcassets */; };
		2FCDE0F62565722400203445 /* AppDelegate.swift in Sources */ = {isa = PBXBuildFile; fileRef = 2FCDE0F52565722400203445 /* AppDelegate.swift */; };
		2FCDE0F82565722400203445 /* SceneDelegate.swift in Sources */ = {isa = PBXBuildFile; fileRef = 2FCDE0F72565722400203445 /* SceneDelegate.swift */; };
		2FCDE0FF2565722600203445 /* Assets.xcassets in Resources */ = {isa = PBXBuildFile; fileRef = 2FCDE0FE2565722600203445 /* Assets.xcassets */; };
		2FCDE1022565722600203445 /* LaunchScreen.storyboard in Resources */ = {isa = PBXBuildFile; fileRef = 2FCDE1002565722600203445 /* LaunchScreen.storyboard */; };
		2FCDE1572566AE2700203445 /* UITableViewExtensions.swift in Sources */ = {isa = PBXBuildFile; fileRef = 2FCDE1562566AE2700203445 /* UITableViewExtensions.swift */; };
		72B4409029965134004D1FC5 /* ImagePicker.swift in Sources */ = {isa = PBXBuildFile; fileRef = 72B4408F29965134004D1FC5 /* ImagePicker.swift */; };
		72B44092299654B5004D1FC5 /* ImagePickerView.swift in Sources */ = {isa = PBXBuildFile; fileRef = 72B44091299654B5004D1FC5 /* ImagePickerView.swift */; };
		72B440942996688B004D1FC5 /* BigButtonTextModifier.swift in Sources */ = {isa = PBXBuildFile; fileRef = 72B440932996688B004D1FC5 /* BigButtonTextModifier.swift */; };
		72B4409629966B1C004D1FC5 /* NewPhotoPickerView.swift in Sources */ = {isa = PBXBuildFile; fileRef = 72B4409529966B1C004D1FC5 /* NewPhotoPickerView.swift */; };
		72B4409829967738004D1FC5 /* UIImagePickerControllerSourceTypeExtension.swift in Sources */ = {isa = PBXBuildFile; fileRef = 72B4409729967738004D1FC5 /* UIImagePickerControllerSourceTypeExtension.swift */; };
		72EB017A299E362700DF6C24 /* UIViewControllerExtensions.swift in Sources */ = {isa = PBXBuildFile; fileRef = 2F56AE8B256E44F00007D0A2 /* UIViewControllerExtensions.swift */; };
		72EB017B299E362700DF6C24 /* UICollectionViewExtensions.swift in Sources */ = {isa = PBXBuildFile; fileRef = 2F56AE85256E44730007D0A2 /* UICollectionViewExtensions.swift */; };
		72EB017C299E362700DF6C24 /* ImagePicker.swift in Sources */ = {isa = PBXBuildFile; fileRef = 72B4408F29965134004D1FC5 /* ImagePicker.swift */; };
		72EB017D299E362700DF6C24 /* StringExtensions.swift in Sources */ = {isa = PBXBuildFile; fileRef = 2F56AE8D256E487F0007D0A2 /* StringExtensions.swift */; };
		72EB017E299E362700DF6C24 /* MainView.swift in Sources */ = {isa = PBXBuildFile; fileRef = 18CADB3128A92CDC007FC2C8 /* MainView.swift */; };
		72EB017F299E362700DF6C24 /* UICollectionViewCellExtensions.swift in Sources */ = {isa = PBXBuildFile; fileRef = 2F56AE89256E44BB0007D0A2 /* UICollectionViewCellExtensions.swift */; };
		72EB0180299E362700DF6C24 /* UIApplicationExtension.swift in Sources */ = {isa = PBXBuildFile; fileRef = 26BCDA292579857E00096894 /* UIApplicationExtension.swift */; };
		72EB0181299E362700DF6C24 /* NewPhotoPickerView.swift in Sources */ = {isa = PBXBuildFile; fileRef = 72B4409529966B1C004D1FC5 /* NewPhotoPickerView.swift */; };
		72EB0182299E362700DF6C24 /* Configuration.swift in Sources */ = {isa = PBXBuildFile; fileRef = 26C4C62425769BE400358DAE /* Configuration.swift */; };
		72EB0183299E362700DF6C24 /* AppDelegate.swift in Sources */ = {isa = PBXBuildFile; fileRef = 2FCDE0F52565722400203445 /* AppDelegate.swift */; };
		72EB0184299E362700DF6C24 /* LoggingService.swift in Sources */ = {isa = PBXBuildFile; fileRef = 26BCDA242579852700096894 /* LoggingService.swift */; };
		72EB0185299E362700DF6C24 /* LoggerManager.swift in Sources */ = {isa = PBXBuildFile; fileRef = 26BCDA0F2579826700096894 /* LoggerManager.swift */; };
		72EB0186299E362700DF6C24 /* SceneDelegate.swift in Sources */ = {isa = PBXBuildFile; fileRef = 2FCDE0F72565722400203445 /* SceneDelegate.swift */; };
		72EB0187299E362700DF6C24 /* ImagePickerView.swift in Sources */ = {isa = PBXBuildFile; fileRef = 72B44091299654B5004D1FC5 /* ImagePickerView.swift */; };
		72EB0188299E362700DF6C24 /* Logger.swift in Sources */ = {isa = PBXBuildFile; fileRef = 26BCDA1F2579833600096894 /* Logger.swift */; };
		72EB0189299E362700DF6C24 /* boilerplate-ios-swiftuiApp.swift in Sources */ = {isa = PBXBuildFile; fileRef = 18CADB3428A932FE007FC2C8 /* boilerplate-ios-swiftuiApp.swift */; };
		72EB018A299E362700DF6C24 /* UIImagePickerControllerSourceTypeExtension.swift in Sources */ = {isa = PBXBuildFile; fileRef = 72B4409729967738004D1FC5 /* UIImagePickerControllerSourceTypeExtension.swift */; };
		72EB018B299E362700DF6C24 /* BigButtonTextModifier.swift in Sources */ = {isa = PBXBuildFile; fileRef = 72B440932996688B004D1FC5 /* BigButtonTextModifier.swift */; };
		72EB018C299E362700DF6C24 /* OnFirstAppearModifier.swift in Sources */ = {isa = PBXBuildFile; fileRef = D1AC819628F69C4500E5B0AE /* OnFirstAppearModifier.swift */; };
		72EB018D299E362700DF6C24 /* UITableViewExtensions.swift in Sources */ = {isa = PBXBuildFile; fileRef = 2FCDE1562566AE2700203445 /* UITableViewExtensions.swift */; };
		72EB018E299E362700DF6C24 /* UITableViewCellExtensions.swift in Sources */ = {isa = PBXBuildFile; fileRef = 2F56AE87256E44A10007D0A2 /* UITableViewCellExtensions.swift */; };
		72EB018F299E362700DF6C24 /* UIDeviceExtension.swift in Sources */ = {isa = PBXBuildFile; fileRef = 26BCDA2E2579859500096894 /* UIDeviceExtension.swift */; };
		72EB0190299E362700DF6C24 /* HomeView.swift in Sources */ = {isa = PBXBuildFile; fileRef = 18CADB3728A93B4F007FC2C8 /* HomeView.swift */; };
		72EB0194299E362700DF6C24 /* CocoaLumberjackSwift in Frameworks */ = {isa = PBXBuildFile; productRef = 72EB0174299E362700DF6C24 /* CocoaLumberjackSwift */; };
		72EB0196299E362700DF6C24 /* Colors.xcassets in Resources */ = {isa = PBXBuildFile; fileRef = 2F56AE91256E4CD30007D0A2 /* Colors.xcassets */; };
		72EB0197299E362700DF6C24 /* sample-data.json in Resources */ = {isa = PBXBuildFile; fileRef = 26C4C7002578BFE600358DAE /* sample-data.json */; };
		72EB0198299E362700DF6C24 /* Images.xcassets in Resources */ = {isa = PBXBuildFile; fileRef = 2F56AE93256E65910007D0A2 /* Images.xcassets */; };
		72EB0199299E362700DF6C24 /* Localizable.strings in Resources */ = {isa = PBXBuildFile; fileRef = F856462F28D12DC90015D3DF /* Localizable.strings */; };
		72EB019A299E362700DF6C24 /* LaunchScreen.storyboard in Resources */ = {isa = PBXBuildFile; fileRef = 2FCDE1002565722600203445 /* LaunchScreen.storyboard */; };
		72EB019B299E362700DF6C24 /* Assets.xcassets in Resources */ = {isa = PBXBuildFile; fileRef = 2FCDE0FE2565722600203445 /* Assets.xcassets */; };
		72EB019C299E362700DF6C24 /* Icons.xcassets in Resources */ = {isa = PBXBuildFile; fileRef = 2F56AE9B256E6EF70007D0A2 /* Icons.xcassets */; };
		72EB01A6299E39D700DF6C24 /* URLSessionAutoLogging.swift in Sources */ = {isa = PBXBuildFile; fileRef = 72EB01A5299E39D700DF6C24 /* URLSessionAutoLogging.swift */; };
		72EB01A7299E39D700DF6C24 /* URLSessionAutoLogging.swift in Sources */ = {isa = PBXBuildFile; fileRef = 72EB01A5299E39D700DF6C24 /* URLSessionAutoLogging.swift */; };
		72EB01AA299E3DDF00DF6C24 /* Pulse in Frameworks */ = {isa = PBXBuildFile; productRef = 72EB01A9299E3DDF00DF6C24 /* Pulse */; };
		72EB01AC299E3DDF00DF6C24 /* PulseUI in Frameworks */ = {isa = PBXBuildFile; productRef = 72EB01AB299E3DDF00DF6C24 /* PulseUI */; };
		72EB01B4299E57AB00DF6C24 /* Pulse in Frameworks */ = {isa = PBXBuildFile; productRef = 72EB01B3299E57AB00DF6C24 /* Pulse */; };
		72EB01B6299E57AB00DF6C24 /* PulseUI in Frameworks */ = {isa = PBXBuildFile; productRef = 72EB01B5299E57AB00DF6C24 /* PulseUI */; };
		D1703A4F28C9CDA70071EF00 /* CocoaLumberjackSwift in Frameworks */ = {isa = PBXBuildFile; productRef = D1703A4E28C9CDA70071EF00 /* CocoaLumberjackSwift */; };
		D1AC819728F69C4500E5B0AE /* OnFirstAppearModifier.swift in Sources */ = {isa = PBXBuildFile; fileRef = D1AC819628F69C4500E5B0AE /* OnFirstAppearModifier.swift */; };
		F856462D28D12DC90015D3DF /* Localizable.strings in Resources */ = {isa = PBXBuildFile; fileRef = F856462F28D12DC90015D3DF /* Localizable.strings */; };
/* End PBXBuildFile section */

/* Begin PBXContainerItemProxy section */
		2FCDE1092565722600203445 /* PBXContainerItemProxy */ = {
			isa = PBXContainerItemProxy;
			containerPortal = 2FCDE0EA2565722400203445 /* Project object */;
			proxyType = 1;
			remoteGlobalIDString = 2FCDE0F12565722400203445;
			remoteInfo = "boilerplate-ios-swiftui";
		};
		2FCDE1142565722600203445 /* PBXContainerItemProxy */ = {
			isa = PBXContainerItemProxy;
			containerPortal = 2FCDE0EA2565722400203445 /* Project object */;
			proxyType = 1;
			remoteGlobalIDString = 2FCDE0F12565722400203445;
			remoteInfo = "boilerplate-ios-swiftui";
		};
		72EB01B1299E577500DF6C24 /* PBXContainerItemProxy */ = {
			isa = PBXContainerItemProxy;
			containerPortal = 2FCDE0EA2565722400203445 /* Project object */;
			proxyType = 1;
			remoteGlobalIDString = 2FCDE0F12565722400203445;
			remoteInfo = BoilerPlateSwiftUI;
		};
/* End PBXContainerItemProxy section */

/* Begin PBXFileReference section */
		18CADB3128A92CDC007FC2C8 /* MainView.swift */ = {isa = PBXFileReference; lastKnownFileType = sourcecode.swift; path = MainView.swift; sourceTree = "<group>"; };
		18CADB3428A932FE007FC2C8 /* boilerplate-ios-swiftuiApp.swift */ = {isa = PBXFileReference; lastKnownFileType = sourcecode.swift; path = "boilerplate-ios-swiftuiApp.swift"; sourceTree = "<group>"; };
		18CADB3728A93B4F007FC2C8 /* HomeView.swift */ = {isa = PBXFileReference; lastKnownFileType = sourcecode.swift; path = HomeView.swift; sourceTree = "<group>"; };
		18CADB3928A97CC8007FC2C8 /* BoilerPlateSwiftUITests.swift */ = {isa = PBXFileReference; fileEncoding = 4; lastKnownFileType = sourcecode.swift; path = BoilerPlateSwiftUITests.swift; sourceTree = "<group>"; };
		18CADB3B28A97CDF007FC2C8 /* BoilerPlateSwiftUIUITests.swift */ = {isa = PBXFileReference; fileEncoding = 4; lastKnownFileType = sourcecode.swift; path = BoilerPlateSwiftUIUITests.swift; sourceTree = "<group>"; };
		26BCDA0F2579826700096894 /* LoggerManager.swift */ = {isa = PBXFileReference; lastKnownFileType = sourcecode.swift; path = LoggerManager.swift; sourceTree = "<group>"; };
		26BCDA1F2579833600096894 /* Logger.swift */ = {isa = PBXFileReference; lastKnownFileType = sourcecode.swift; path = Logger.swift; sourceTree = "<group>"; };
		26BCDA242579852700096894 /* LoggingService.swift */ = {isa = PBXFileReference; lastKnownFileType = sourcecode.swift; path = LoggingService.swift; sourceTree = "<group>"; };
		26BCDA292579857E00096894 /* UIApplicationExtension.swift */ = {isa = PBXFileReference; lastKnownFileType = sourcecode.swift; path = UIApplicationExtension.swift; sourceTree = "<group>"; };
		26BCDA2E2579859500096894 /* UIDeviceExtension.swift */ = {isa = PBXFileReference; lastKnownFileType = sourcecode.swift; path = UIDeviceExtension.swift; sourceTree = "<group>"; };
		26C4C62425769BE400358DAE /* Configuration.swift */ = {isa = PBXFileReference; lastKnownFileType = sourcecode.swift; path = Configuration.swift; sourceTree = "<group>"; };
		26C4C7002578BFE600358DAE /* sample-data.json */ = {isa = PBXFileReference; fileEncoding = 4; lastKnownFileType = text.json; path = "sample-data.json"; sourceTree = "<group>"; };
		2F56AE85256E44730007D0A2 /* UICollectionViewExtensions.swift */ = {isa = PBXFileReference; lastKnownFileType = sourcecode.swift; path = UICollectionViewExtensions.swift; sourceTree = "<group>"; };
		2F56AE87256E44A10007D0A2 /* UITableViewCellExtensions.swift */ = {isa = PBXFileReference; lastKnownFileType = sourcecode.swift; path = UITableViewCellExtensions.swift; sourceTree = "<group>"; };
		2F56AE89256E44BB0007D0A2 /* UICollectionViewCellExtensions.swift */ = {isa = PBXFileReference; lastKnownFileType = sourcecode.swift; path = UICollectionViewCellExtensions.swift; sourceTree = "<group>"; };
		2F56AE8B256E44F00007D0A2 /* UIViewControllerExtensions.swift */ = {isa = PBXFileReference; lastKnownFileType = sourcecode.swift; path = UIViewControllerExtensions.swift; sourceTree = "<group>"; };
		2F56AE8D256E487F0007D0A2 /* StringExtensions.swift */ = {isa = PBXFileReference; lastKnownFileType = sourcecode.swift; path = StringExtensions.swift; sourceTree = "<group>"; };
		2F56AE91256E4CD30007D0A2 /* Colors.xcassets */ = {isa = PBXFileReference; lastKnownFileType = folder.assetcatalog; path = Colors.xcassets; sourceTree = "<group>"; };
		2F56AE93256E65910007D0A2 /* Images.xcassets */ = {isa = PBXFileReference; lastKnownFileType = folder.assetcatalog; path = Images.xcassets; sourceTree = "<group>"; };
		2F56AE9B256E6EF70007D0A2 /* Icons.xcassets */ = {isa = PBXFileReference; lastKnownFileType = folder.assetcatalog; path = Icons.xcassets; sourceTree = "<group>"; };
		2FCDE0F22565722400203445 /* BoilerPlateSwiftUI.app */ = {isa = PBXFileReference; explicitFileType = wrapper.application; includeInIndex = 0; path = BoilerPlateSwiftUI.app; sourceTree = BUILT_PRODUCTS_DIR; };
		2FCDE0F52565722400203445 /* AppDelegate.swift */ = {isa = PBXFileReference; lastKnownFileType = sourcecode.swift; path = AppDelegate.swift; sourceTree = "<group>"; };
		2FCDE0F72565722400203445 /* SceneDelegate.swift */ = {isa = PBXFileReference; lastKnownFileType = sourcecode.swift; path = SceneDelegate.swift; sourceTree = "<group>"; };
		2FCDE0FE2565722600203445 /* Assets.xcassets */ = {isa = PBXFileReference; lastKnownFileType = folder.assetcatalog; path = Assets.xcassets; sourceTree = "<group>"; };
		2FCDE1012565722600203445 /* Base */ = {isa = PBXFileReference; lastKnownFileType = file.storyboard; name = Base; path = Base.lproj/LaunchScreen.storyboard; sourceTree = "<group>"; };
		2FCDE1032565722600203445 /* Info.plist */ = {isa = PBXFileReference; lastKnownFileType = text.plist.xml; path = Info.plist; sourceTree = "<group>"; };
		2FCDE1082565722600203445 /* BoilerPlateSwiftUITests.xctest */ = {isa = PBXFileReference; explicitFileType = wrapper.cfbundle; includeInIndex = 0; path = BoilerPlateSwiftUITests.xctest; sourceTree = BUILT_PRODUCTS_DIR; };
		2FCDE10E2565722600203445 /* Info.plist */ = {isa = PBXFileReference; lastKnownFileType = text.plist.xml; path = Info.plist; sourceTree = "<group>"; };
		2FCDE1132565722600203445 /* BoilerPlateSwiftUIUITests.xctest */ = {isa = PBXFileReference; explicitFileType = wrapper.cfbundle; includeInIndex = 0; path = BoilerPlateSwiftUIUITests.xctest; sourceTree = BUILT_PRODUCTS_DIR; };
		2FCDE1192565722600203445 /* Info.plist */ = {isa = PBXFileReference; lastKnownFileType = text.plist.xml; path = Info.plist; sourceTree = "<group>"; };
		2FCDE1292566444C00203445 /* Development.xcconfig */ = {isa = PBXFileReference; lastKnownFileType = text.xcconfig; path = Development.xcconfig; sourceTree = "<group>"; };
		2FCDE134256651EF00203445 /* Production.xcconfig */ = {isa = PBXFileReference; lastKnownFileType = text.xcconfig; path = Production.xcconfig; sourceTree = "<group>"; };
		2FCDE1352566520A00203445 /* AppStore.xcconfig */ = {isa = PBXFileReference; lastKnownFileType = text.xcconfig; path = AppStore.xcconfig; sourceTree = "<group>"; };
		2FCDE1562566AE2700203445 /* UITableViewExtensions.swift */ = {isa = PBXFileReference; lastKnownFileType = sourcecode.swift; path = UITableViewExtensions.swift; sourceTree = "<group>"; };
		72B4408F29965134004D1FC5 /* ImagePicker.swift */ = {isa = PBXFileReference; lastKnownFileType = sourcecode.swift; path = ImagePicker.swift; sourceTree = "<group>"; };
		72B44091299654B5004D1FC5 /* ImagePickerView.swift */ = {isa = PBXFileReference; lastKnownFileType = sourcecode.swift; path = ImagePickerView.swift; sourceTree = "<group>"; };
		72B440932996688B004D1FC5 /* BigButtonTextModifier.swift */ = {isa = PBXFileReference; lastKnownFileType = sourcecode.swift; path = BigButtonTextModifier.swift; sourceTree = "<group>"; };
		72B4409529966B1C004D1FC5 /* NewPhotoPickerView.swift */ = {isa = PBXFileReference; lastKnownFileType = sourcecode.swift; path = NewPhotoPickerView.swift; sourceTree = "<group>"; };
		72B4409729967738004D1FC5 /* UIImagePickerControllerSourceTypeExtension.swift */ = {isa = PBXFileReference; lastKnownFileType = sourcecode.swift; path = UIImagePickerControllerSourceTypeExtension.swift; sourceTree = "<group>"; };
		72EB01A3299E362700DF6C24 /* Pulse.app */ = {isa = PBXFileReference; explicitFileType = wrapper.application; includeInIndex = 0; path = Pulse.app; sourceTree = BUILT_PRODUCTS_DIR; };
		72EB01A5299E39D700DF6C24 /* URLSessionAutoLogging.swift */ = {isa = PBXFileReference; lastKnownFileType = sourcecode.swift; path = URLSessionAutoLogging.swift; sourceTree = "<group>"; };
		D1AC819628F69C4500E5B0AE /* OnFirstAppearModifier.swift */ = {isa = PBXFileReference; lastKnownFileType = sourcecode.swift; path = OnFirstAppearModifier.swift; sourceTree = "<group>"; };
		F856462E28D12DC90015D3DF /* en */ = {isa = PBXFileReference; lastKnownFileType = text.plist.strings; name = en; path = en.lproj/Localizable.strings; sourceTree = "<group>"; };
		F856463028D12DDD0015D3DF /* de */ = {isa = PBXFileReference; lastKnownFileType = text.plist.strings; name = de; path = de.lproj/Localizable.strings; sourceTree = "<group>"; };
		F856463128D12DE80015D3DF /* tr */ = {isa = PBXFileReference; lastKnownFileType = text.plist.strings; name = tr; path = tr.lproj/Localizable.strings; sourceTree = "<group>"; };
/* End PBXFileReference section */

/* Begin PBXFrameworksBuildPhase section */
		2FCDE0EF2565722400203445 /* Frameworks */ = {
			isa = PBXFrameworksBuildPhase;
			buildActionMask = 2147483647;
			files = (
				72EB01B6299E57AB00DF6C24 /* PulseUI in Frameworks */,
				72EB01B4299E57AB00DF6C24 /* Pulse in Frameworks */,
				D1703A4F28C9CDA70071EF00 /* CocoaLumberjackSwift in Frameworks */,
			);
			runOnlyForDeploymentPostprocessing = 0;
		};
		2FCDE1052565722600203445 /* Frameworks */ = {
			isa = PBXFrameworksBuildPhase;
			buildActionMask = 2147483647;
			files = (
			);
			runOnlyForDeploymentPostprocessing = 0;
		};
		2FCDE1102565722600203445 /* Frameworks */ = {
			isa = PBXFrameworksBuildPhase;
			buildActionMask = 2147483647;
			files = (
			);
			runOnlyForDeploymentPostprocessing = 0;
		};
		72EB0191299E362700DF6C24 /* Frameworks */ = {
			isa = PBXFrameworksBuildPhase;
			buildActionMask = 2147483647;
			files = (
				72EB01AC299E3DDF00DF6C24 /* PulseUI in Frameworks */,
				72EB01AA299E3DDF00DF6C24 /* Pulse in Frameworks */,
				72EB0194299E362700DF6C24 /* CocoaLumberjackSwift in Frameworks */,
			);
			runOnlyForDeploymentPostprocessing = 0;
		};
/* End PBXFrameworksBuildPhase section */

/* Begin PBXGroup section */
		18CADB2E28A92C80007FC2C8 /* Main */ = {
			isa = PBXGroup;
			children = (
				18CADB3128A92CDC007FC2C8 /* MainView.swift */,
			);
			path = Main;
			sourceTree = "<group>";
		};
		18CADB3328A93285007FC2C8 /* Launch */ = {
			isa = PBXGroup;
			children = (
				2FCDE1002565722600203445 /* LaunchScreen.storyboard */,
			);
			path = Launch;
			sourceTree = "<group>";
		};
		18CADB3628A93B3F007FC2C8 /* Home */ = {
			isa = PBXGroup;
			children = (
				18CADB3728A93B4F007FC2C8 /* HomeView.swift */,
				72B44091299654B5004D1FC5 /* ImagePickerView.swift */,
				72B4409529966B1C004D1FC5 /* NewPhotoPickerView.swift */,
			);
			path = Home;
			sourceTree = "<group>";
		};
		26BCDA36257A398600096894 /* Network */ = {
			isa = PBXGroup;
			children = (
			);
			path = Network;
			sourceTree = "<group>";
		};
		26C4C5632576519000358DAE /* Services */ = {
			isa = PBXGroup;
			children = (
				26BCDA242579852700096894 /* LoggingService.swift */,
			);
			path = Services;
			sourceTree = "<group>";
		};
		26C4C58825766B4400358DAE /* Managers */ = {
			isa = PBXGroup;
			children = (
				26BCDA0F2579826700096894 /* LoggerManager.swift */,
				72EB01A5299E39D700DF6C24 /* URLSessionAutoLogging.swift */,
			);
			path = Managers;
			sourceTree = "<group>";
		};
		26C4C6FF2578BFE600358DAE /* Mocks */ = {
			isa = PBXGroup;
			children = (
				26C4C7002578BFE600358DAE /* sample-data.json */,
			);
			path = Mocks;
			sourceTree = "<group>";
		};
		2FCDE0E92565722400203445 = {
			isa = PBXGroup;
			children = (
				2FCDE0F42565722400203445 /* BoilerPlateSwiftUI */,
				2FCDE10B2565722600203445 /* BoilerPlateSwiftUITests */,
				2FCDE1162565722600203445 /* BoilerPlateSwiftUIUITests */,
				2FCDE0F32565722400203445 /* Products */,
				72EB01A8299E3DDF00DF6C24 /* Frameworks */,
			);
			sourceTree = "<group>";
		};
		2FCDE0F32565722400203445 /* Products */ = {
			isa = PBXGroup;
			children = (
				2FCDE0F22565722400203445 /* BoilerPlateSwiftUI.app */,
				2FCDE1082565722600203445 /* BoilerPlateSwiftUITests.xctest */,
				2FCDE1132565722600203445 /* BoilerPlateSwiftUIUITests.xctest */,
				72EB01A3299E362700DF6C24 /* Pulse.app */,
			);
			name = Products;
			sourceTree = "<group>";
		};
		2FCDE0F42565722400203445 /* BoilerPlateSwiftUI */ = {
			isa = PBXGroup;
			children = (
				2FCDE1252565B96500203445 /* Application */,
				2FCDE1282566415900203445 /* Configs */,
				26C4C58825766B4400358DAE /* Managers */,
				26BCDA36257A398600096894 /* Network */,
				2FCDE1272566413F00203445 /* Scenes */,
				2FCDE1262566412700203445 /* Resources */,
				2FCDE13725665B5E00203445 /* Utility */,
			);
			path = BoilerPlateSwiftUI;
			sourceTree = "<group>";
		};
		2FCDE10B2565722600203445 /* BoilerPlateSwiftUITests */ = {
			isa = PBXGroup;
			children = (
				18CADB3928A97CC8007FC2C8 /* BoilerPlateSwiftUITests.swift */,
				2FCDE10E2565722600203445 /* Info.plist */,
			);
			path = BoilerPlateSwiftUITests;
			sourceTree = "<group>";
		};
		2FCDE1162565722600203445 /* BoilerPlateSwiftUIUITests */ = {
			isa = PBXGroup;
			children = (
				18CADB3B28A97CDF007FC2C8 /* BoilerPlateSwiftUIUITests.swift */,
				2FCDE1192565722600203445 /* Info.plist */,
			);
			path = BoilerPlateSwiftUIUITests;
			sourceTree = "<group>";
		};
		2FCDE1252565B96500203445 /* Application */ = {
			isa = PBXGroup;
			children = (
				26C4C5632576519000358DAE /* Services */,
				2FCDE0F52565722400203445 /* AppDelegate.swift */,
				2FCDE0F72565722400203445 /* SceneDelegate.swift */,
				18CADB3428A932FE007FC2C8 /* boilerplate-ios-swiftuiApp.swift */,
			);
			path = Application;
			sourceTree = "<group>";
		};
		2FCDE1262566412700203445 /* Resources */ = {
			isa = PBXGroup;
			children = (
				26C4C6FF2578BFE600358DAE /* Mocks */,
				2FCDE0FE2565722600203445 /* Assets.xcassets */,
				2F56AE91256E4CD30007D0A2 /* Colors.xcassets */,
				2F56AE9B256E6EF70007D0A2 /* Icons.xcassets */,
				2F56AE93256E65910007D0A2 /* Images.xcassets */,
				2FCDE1032565722600203445 /* Info.plist */,
				F856462F28D12DC90015D3DF /* Localizable.strings */,
			);
			path = Resources;
			sourceTree = "<group>";
		};
		2FCDE1272566413F00203445 /* Scenes */ = {
			isa = PBXGroup;
			children = (
				18CADB2E28A92C80007FC2C8 /* Main */,
				18CADB3628A93B3F007FC2C8 /* Home */,
				18CADB3328A93285007FC2C8 /* Launch */,
			);
			path = Scenes;
			sourceTree = "<group>";
		};
		2FCDE1282566415900203445 /* Configs */ = {
			isa = PBXGroup;
			children = (
				2FCDE1292566444C00203445 /* Development.xcconfig */,
				2FCDE134256651EF00203445 /* Production.xcconfig */,
				2FCDE1352566520A00203445 /* AppStore.xcconfig */,
				26C4C62425769BE400358DAE /* Configuration.swift */,
			);
			path = Configs;
			sourceTree = "<group>";
		};
		2FCDE13725665B5E00203445 /* Utility */ = {
			isa = PBXGroup;
			children = (
				72B4408E29965119004D1FC5 /* ViewRepresentables */,
				D1AC819828F69C9600E5B0AE /* ViewModifiers */,
				2FCDE13825665B7200203445 /* Extensions */,
				26BCDA1F2579833600096894 /* Logger.swift */,
			);
			path = Utility;
			sourceTree = "<group>";
		};
		2FCDE13825665B7200203445 /* Extensions */ = {
			isa = PBXGroup;
			children = (
				2FCDE1562566AE2700203445 /* UITableViewExtensions.swift */,
				2F56AE87256E44A10007D0A2 /* UITableViewCellExtensions.swift */,
				2F56AE85256E44730007D0A2 /* UICollectionViewExtensions.swift */,
				2F56AE89256E44BB0007D0A2 /* UICollectionViewCellExtensions.swift */,
				2F56AE8B256E44F00007D0A2 /* UIViewControllerExtensions.swift */,
				2F56AE8D256E487F0007D0A2 /* StringExtensions.swift */,
				26BCDA292579857E00096894 /* UIApplicationExtension.swift */,
				26BCDA2E2579859500096894 /* UIDeviceExtension.swift */,
				72B4409729967738004D1FC5 /* UIImagePickerControllerSourceTypeExtension.swift */,
			);
			path = Extensions;
			sourceTree = "<group>";
		};
		72B4408E29965119004D1FC5 /* ViewRepresentables */ = {
			isa = PBXGroup;
			children = (
				72B4408F29965134004D1FC5 /* ImagePicker.swift */,
			);
			path = ViewRepresentables;
			sourceTree = "<group>";
		};
		72EB01A8299E3DDF00DF6C24 /* Frameworks */ = {
			isa = PBXGroup;
			children = (
			);
			name = Frameworks;
			sourceTree = "<group>";
		};
		D1AC819828F69C9600E5B0AE /* ViewModifiers */ = {
			isa = PBXGroup;
			children = (
				D1AC819628F69C4500E5B0AE /* OnFirstAppearModifier.swift */,
				72B440932996688B004D1FC5 /* BigButtonTextModifier.swift */,
			);
			path = ViewModifiers;
			sourceTree = "<group>";
		};
/* End PBXGroup section */

/* Begin PBXNativeTarget section */
		2FCDE0F12565722400203445 /* BoilerPlateSwiftUI */ = {
			isa = PBXNativeTarget;
			buildConfigurationList = 2FCDE11C2565722600203445 /* Build configuration list for PBXNativeTarget "BoilerPlateSwiftUI" */;
			buildPhases = (
				2FCDE0EE2565722400203445 /* Sources */,
				2FCDE0EF2565722400203445 /* Frameworks */,
				2FCDE0F02565722400203445 /* Resources */,
				26C4C4452575230A00358DAE /* Swiftlint */,
			);
			buildRules = (
			);
			dependencies = (
			);
			name = BoilerPlateSwiftUI;
			packageProductDependencies = (
				D1703A4E28C9CDA70071EF00 /* CocoaLumberjackSwift */,
				72EB01B3299E57AB00DF6C24 /* Pulse */,
				72EB01B5299E57AB00DF6C24 /* PulseUI */,
			);
			productName = "boilerplate-ios-swiftui";
			productReference = 2FCDE0F22565722400203445 /* BoilerPlateSwiftUI.app */;
			productType = "com.apple.product-type.application";
		};
		2FCDE1072565722600203445 /* BoilerPlateSwiftUITests */ = {
			isa = PBXNativeTarget;
			buildConfigurationList = 2FCDE11F2565722600203445 /* Build configuration list for PBXNativeTarget "BoilerPlateSwiftUITests" */;
			buildPhases = (
				2FCDE1042565722600203445 /* Sources */,
				2FCDE1052565722600203445 /* Frameworks */,
				2FCDE1062565722600203445 /* Resources */,
			);
			buildRules = (
			);
			dependencies = (
				2FCDE10A2565722600203445 /* PBXTargetDependency */,
			);
			name = BoilerPlateSwiftUITests;
			packageProductDependencies = (
			);
			productName = "boilerplate-ios-swiftuiTests";
			productReference = 2FCDE1082565722600203445 /* BoilerPlateSwiftUITests.xctest */;
			productType = "com.apple.product-type.bundle.unit-test";
		};
		2FCDE1122565722600203445 /* BoilerPlateSwiftUIUITests */ = {
			isa = PBXNativeTarget;
			buildConfigurationList = 2FCDE1222565722600203445 /* Build configuration list for PBXNativeTarget "BoilerPlateSwiftUIUITests" */;
			buildPhases = (
				2FCDE10F2565722600203445 /* Sources */,
				2FCDE1102565722600203445 /* Frameworks */,
				2FCDE1112565722600203445 /* Resources */,
			);
			buildRules = (
			);
			dependencies = (
				2FCDE1152565722600203445 /* PBXTargetDependency */,
			);
			name = BoilerPlateSwiftUIUITests;
			productName = "boilerplate-ios-swiftuiUITests";
			productReference = 2FCDE1132565722600203445 /* BoilerPlateSwiftUIUITests.xctest */;
			productType = "com.apple.product-type.bundle.ui-testing";
		};
		72EB0173299E362700DF6C24 /* Pulse */ = {
			isa = PBXNativeTarget;
			buildConfigurationList = 72EB019E299E362700DF6C24 /* Build configuration list for PBXNativeTarget "Pulse" */;
			buildPhases = (
				72EB0179299E362700DF6C24 /* Sources */,
				72EB0191299E362700DF6C24 /* Frameworks */,
				72EB0195299E362700DF6C24 /* Resources */,
				72EB019D299E362700DF6C24 /* Swiftlint */,
			);
			buildRules = (
			);
			dependencies = (
				72EB01B2299E577500DF6C24 /* PBXTargetDependency */,
			);
			name = Pulse;
			packageProductDependencies = (
				72EB0174299E362700DF6C24 /* CocoaLumberjackSwift */,
				72EB01A9299E3DDF00DF6C24 /* Pulse */,
				72EB01AB299E3DDF00DF6C24 /* PulseUI */,
			);
			productName = "boilerplate-ios-swiftui";
			productReference = 72EB01A3299E362700DF6C24 /* Pulse.app */;
			productType = "com.apple.product-type.application";
		};
/* End PBXNativeTarget section */

/* Begin PBXProject section */
		2FCDE0EA2565722400203445 /* Project object */ = {
			isa = PBXProject;
			attributes = {
				LastSwiftUpdateCheck = 1130;
				LastUpgradeCheck = 1420;
				ORGANIZATIONNAME = "Adesso Turkey";
				TargetAttributes = {
					2FCDE0F12565722400203445 = {
						CreatedOnToolsVersion = 11.3.1;
					};
					2FCDE1072565722600203445 = {
						CreatedOnToolsVersion = 11.3.1;
						TestTargetID = 2FCDE0F12565722400203445;
					};
					2FCDE1122565722600203445 = {
						CreatedOnToolsVersion = 11.3.1;
						LastSwiftMigration = 1340;
						TestTargetID = 2FCDE0F12565722400203445;
					};
				};
			};
			buildConfigurationList = 2FCDE0ED2565722400203445 /* Build configuration list for PBXProject "BoilerPlateSwiftUI" */;
			compatibilityVersion = "Xcode 9.3";
			developmentRegion = en;
			hasScannedForEncodings = 0;
			knownRegions = (
				en,
				Base,
				de,
				tr,
			);
			mainGroup = 2FCDE0E92565722400203445;
			packageReferences = (
				D1703A4D28C9CDA70071EF00 /* XCRemoteSwiftPackageReference "CocoaLumberjack" */,
				72EB016E299E310000DF6C24 /* XCRemoteSwiftPackageReference "Pulse" */,
			);
			productRefGroup = 2FCDE0F32565722400203445 /* Products */;
			projectDirPath = "";
			projectRoot = "";
			targets = (
				2FCDE0F12565722400203445 /* BoilerPlateSwiftUI */,
				72EB0173299E362700DF6C24 /* Pulse */,
				2FCDE1072565722600203445 /* BoilerPlateSwiftUITests */,
				2FCDE1122565722600203445 /* BoilerPlateSwiftUIUITests */,
			);
		};
/* End PBXProject section */

/* Begin PBXResourcesBuildPhase section */
		2FCDE0F02565722400203445 /* Resources */ = {
			isa = PBXResourcesBuildPhase;
			buildActionMask = 2147483647;
			files = (
				2F56AE92256E4CD30007D0A2 /* Colors.xcassets in Resources */,
				26C4C7012578BFE600358DAE /* sample-data.json in Resources */,
				2F56AE94256E65910007D0A2 /* Images.xcassets in Resources */,
				F856462D28D12DC90015D3DF /* Localizable.strings in Resources */,
				2FCDE1022565722600203445 /* LaunchScreen.storyboard in Resources */,
				2FCDE0FF2565722600203445 /* Assets.xcassets in Resources */,
				2F56AE9C256E6EF70007D0A2 /* Icons.xcassets in Resources */,
			);
			runOnlyForDeploymentPostprocessing = 0;
		};
		2FCDE1062565722600203445 /* Resources */ = {
			isa = PBXResourcesBuildPhase;
			buildActionMask = 2147483647;
			files = (
			);
			runOnlyForDeploymentPostprocessing = 0;
		};
		2FCDE1112565722600203445 /* Resources */ = {
			isa = PBXResourcesBuildPhase;
			buildActionMask = 2147483647;
			files = (
			);
			runOnlyForDeploymentPostprocessing = 0;
		};
		72EB0195299E362700DF6C24 /* Resources */ = {
			isa = PBXResourcesBuildPhase;
			buildActionMask = 2147483647;
			files = (
				72EB0196299E362700DF6C24 /* Colors.xcassets in Resources */,
				72EB0197299E362700DF6C24 /* sample-data.json in Resources */,
				72EB0198299E362700DF6C24 /* Images.xcassets in Resources */,
				72EB0199299E362700DF6C24 /* Localizable.strings in Resources */,
				72EB019A299E362700DF6C24 /* LaunchScreen.storyboard in Resources */,
				72EB019B299E362700DF6C24 /* Assets.xcassets in Resources */,
				72EB019C299E362700DF6C24 /* Icons.xcassets in Resources */,
			);
			runOnlyForDeploymentPostprocessing = 0;
		};
/* End PBXResourcesBuildPhase section */

/* Begin PBXShellScriptBuildPhase section */
		26C4C4452575230A00358DAE /* Swiftlint */ = {
			isa = PBXShellScriptBuildPhase;
			buildActionMask = 2147483647;
			files = (
			);
			inputFileListPaths = (
			);
			inputPaths = (
			);
			name = Swiftlint;
			outputFileListPaths = (
			);
			outputPaths = (
			);
			runOnlyForDeploymentPostprocessing = 0;
			shellPath = /bin/sh;
			shellScript = "export PATH=${PATH}:/opt/homebrew/bin:/usr/local/bin\nif which swiftlint > /dev/null; then\n  swiftlint\nelse\n  echo \"warning: SwiftLint not installed, download from https://github.com/realm/SwiftLint\"\nfi\n";
		};
		72EB019D299E362700DF6C24 /* Swiftlint */ = {
			isa = PBXShellScriptBuildPhase;
			buildActionMask = 2147483647;
			files = (
			);
			inputFileListPaths = (
			);
			inputPaths = (
			);
			name = Swiftlint;
			outputFileListPaths = (
			);
			outputPaths = (
			);
			runOnlyForDeploymentPostprocessing = 0;
			shellPath = /bin/sh;
			shellScript = "export PATH=${PATH}:/opt/homebrew/bin:/usr/local/bin\nif which swiftlint > /dev/null; then\n  swiftlint\nelse\n  echo \"warning: SwiftLint not installed, download from https://github.com/realm/SwiftLint\"\nfi\n";
		};
/* End PBXShellScriptBuildPhase section */

/* Begin PBXSourcesBuildPhase section */
		2FCDE0EE2565722400203445 /* Sources */ = {
			isa = PBXSourcesBuildPhase;
			buildActionMask = 2147483647;
			files = (
				2F56AE8C256E44F00007D0A2 /* UIViewControllerExtensions.swift in Sources */,
				2F56AE86256E44730007D0A2 /* UICollectionViewExtensions.swift in Sources */,
				72B4409029965134004D1FC5 /* ImagePicker.swift in Sources */,
				2F56AE8E256E487F0007D0A2 /* StringExtensions.swift in Sources */,
				18CADB3228A92CDC007FC2C8 /* MainView.swift in Sources */,
				2F56AE8A256E44BB0007D0A2 /* UICollectionViewCellExtensions.swift in Sources */,
				26BCDA2A2579857E00096894 /* UIApplicationExtension.swift in Sources */,
				72B4409629966B1C004D1FC5 /* NewPhotoPickerView.swift in Sources */,
				26C4C62525769BE400358DAE /* Configuration.swift in Sources */,
				2FCDE0F62565722400203445 /* AppDelegate.swift in Sources */,
				26BCDA252579852700096894 /* LoggingService.swift in Sources */,
				26BCDA102579826700096894 /* LoggerManager.swift in Sources */,
				2FCDE0F82565722400203445 /* SceneDelegate.swift in Sources */,
				72EB01A6299E39D700DF6C24 /* URLSessionAutoLogging.swift in Sources */,
				72B44092299654B5004D1FC5 /* ImagePickerView.swift in Sources */,
				26BCDA202579833600096894 /* Logger.swift in Sources */,
				18CADB3528A932FE007FC2C8 /* boilerplate-ios-swiftuiApp.swift in Sources */,
				72B4409829967738004D1FC5 /* UIImagePickerControllerSourceTypeExtension.swift in Sources */,
				72B440942996688B004D1FC5 /* BigButtonTextModifier.swift in Sources */,
				D1AC819728F69C4500E5B0AE /* OnFirstAppearModifier.swift in Sources */,
				2FCDE1572566AE2700203445 /* UITableViewExtensions.swift in Sources */,
				2F56AE88256E44A10007D0A2 /* UITableViewCellExtensions.swift in Sources */,
				26BCDA2F2579859500096894 /* UIDeviceExtension.swift in Sources */,
				18CADB3828A93B4F007FC2C8 /* HomeView.swift in Sources */,
			);
			runOnlyForDeploymentPostprocessing = 0;
		};
		2FCDE1042565722600203445 /* Sources */ = {
			isa = PBXSourcesBuildPhase;
			buildActionMask = 2147483647;
			files = (
				18CADB3A28A97CC8007FC2C8 /* BoilerPlateSwiftUITests.swift in Sources */,
			);
			runOnlyForDeploymentPostprocessing = 0;
		};
		2FCDE10F2565722600203445 /* Sources */ = {
			isa = PBXSourcesBuildPhase;
			buildActionMask = 2147483647;
			files = (
				18CADB3C28A97CDF007FC2C8 /* BoilerPlateSwiftUIUITests.swift in Sources */,
			);
			runOnlyForDeploymentPostprocessing = 0;
		};
		72EB0179299E362700DF6C24 /* Sources */ = {
			isa = PBXSourcesBuildPhase;
			buildActionMask = 2147483647;
			files = (
				72EB017A299E362700DF6C24 /* UIViewControllerExtensions.swift in Sources */,
				72EB017B299E362700DF6C24 /* UICollectionViewExtensions.swift in Sources */,
				72EB017C299E362700DF6C24 /* ImagePicker.swift in Sources */,
				72EB017D299E362700DF6C24 /* StringExtensions.swift in Sources */,
				72EB017E299E362700DF6C24 /* MainView.swift in Sources */,
				72EB017F299E362700DF6C24 /* UICollectionViewCellExtensions.swift in Sources */,
				72EB0180299E362700DF6C24 /* UIApplicationExtension.swift in Sources */,
				72EB0181299E362700DF6C24 /* NewPhotoPickerView.swift in Sources */,
				72EB0182299E362700DF6C24 /* Configuration.swift in Sources */,
				72EB0183299E362700DF6C24 /* AppDelegate.swift in Sources */,
				72EB0184299E362700DF6C24 /* LoggingService.swift in Sources */,
				72EB0185299E362700DF6C24 /* LoggerManager.swift in Sources */,
				72EB0186299E362700DF6C24 /* SceneDelegate.swift in Sources */,
				72EB01A7299E39D700DF6C24 /* URLSessionAutoLogging.swift in Sources */,
				72EB0187299E362700DF6C24 /* ImagePickerView.swift in Sources */,
				72EB0188299E362700DF6C24 /* Logger.swift in Sources */,
				72EB0189299E362700DF6C24 /* boilerplate-ios-swiftuiApp.swift in Sources */,
				72EB018A299E362700DF6C24 /* UIImagePickerControllerSourceTypeExtension.swift in Sources */,
				72EB018B299E362700DF6C24 /* BigButtonTextModifier.swift in Sources */,
				72EB018C299E362700DF6C24 /* OnFirstAppearModifier.swift in Sources */,
				72EB018D299E362700DF6C24 /* UITableViewExtensions.swift in Sources */,
				72EB018E299E362700DF6C24 /* UITableViewCellExtensions.swift in Sources */,
				72EB018F299E362700DF6C24 /* UIDeviceExtension.swift in Sources */,
				72EB0190299E362700DF6C24 /* HomeView.swift in Sources */,
			);
			runOnlyForDeploymentPostprocessing = 0;
		};
/* End PBXSourcesBuildPhase section */

/* Begin PBXTargetDependency section */
		2FCDE10A2565722600203445 /* PBXTargetDependency */ = {
			isa = PBXTargetDependency;
			target = 2FCDE0F12565722400203445 /* BoilerPlateSwiftUI */;
			targetProxy = 2FCDE1092565722600203445 /* PBXContainerItemProxy */;
		};
		2FCDE1152565722600203445 /* PBXTargetDependency */ = {
			isa = PBXTargetDependency;
			target = 2FCDE0F12565722400203445 /* BoilerPlateSwiftUI */;
			targetProxy = 2FCDE1142565722600203445 /* PBXContainerItemProxy */;
		};
		72EB01B2299E577500DF6C24 /* PBXTargetDependency */ = {
			isa = PBXTargetDependency;
			target = 2FCDE0F12565722400203445 /* BoilerPlateSwiftUI */;
			targetProxy = 72EB01B1299E577500DF6C24 /* PBXContainerItemProxy */;
		};
/* End PBXTargetDependency section */

/* Begin PBXVariantGroup section */
		2FCDE1002565722600203445 /* LaunchScreen.storyboard */ = {
			isa = PBXVariantGroup;
			children = (
				2FCDE1012565722600203445 /* Base */,
			);
			name = LaunchScreen.storyboard;
			sourceTree = "<group>";
		};
		F856462F28D12DC90015D3DF /* Localizable.strings */ = {
			isa = PBXVariantGroup;
			children = (
				F856462E28D12DC90015D3DF /* en */,
				F856463028D12DDD0015D3DF /* de */,
				F856463128D12DE80015D3DF /* tr */,
			);
			name = Localizable.strings;
			sourceTree = "<group>";
		};
/* End PBXVariantGroup section */

/* Begin XCBuildConfiguration section */
		2F56AE97256E68000007D0A2 /* Development */ = {
			isa = XCBuildConfiguration;
			baseConfigurationReference = 2FCDE1292566444C00203445 /* Development.xcconfig */;
			buildSettings = {
				ALWAYS_SEARCH_USER_PATHS = NO;
				CLANG_ANALYZER_LOCALIZABILITY_NONLOCALIZED = YES;
				CLANG_ANALYZER_NONNULL = YES;
				CLANG_ANALYZER_NUMBER_OBJECT_CONVERSION = YES_AGGRESSIVE;
				CLANG_CXX_LANGUAGE_STANDARD = "gnu++14";
				CLANG_CXX_LIBRARY = "libc++";
				CLANG_ENABLE_MODULES = YES;
				CLANG_ENABLE_OBJC_ARC = YES;
				CLANG_ENABLE_OBJC_WEAK = YES;
				CLANG_WARN_BLOCK_CAPTURE_AUTORELEASING = YES;
				CLANG_WARN_BOOL_CONVERSION = YES;
				CLANG_WARN_COMMA = YES;
				CLANG_WARN_CONSTANT_CONVERSION = YES;
				CLANG_WARN_DEPRECATED_OBJC_IMPLEMENTATIONS = YES;
				CLANG_WARN_DIRECT_OBJC_ISA_USAGE = YES_ERROR;
				CLANG_WARN_DOCUMENTATION_COMMENTS = YES;
				CLANG_WARN_EMPTY_BODY = YES;
				CLANG_WARN_ENUM_CONVERSION = YES;
				CLANG_WARN_INFINITE_RECURSION = YES;
				CLANG_WARN_INT_CONVERSION = YES;
				CLANG_WARN_NON_LITERAL_NULL_CONVERSION = YES;
				CLANG_WARN_OBJC_IMPLICIT_RETAIN_SELF = YES;
				CLANG_WARN_OBJC_LITERAL_CONVERSION = YES;
				CLANG_WARN_OBJC_ROOT_CLASS = YES_ERROR;
				CLANG_WARN_QUOTED_INCLUDE_IN_FRAMEWORK_HEADER = YES;
				CLANG_WARN_RANGE_LOOP_ANALYSIS = YES;
				CLANG_WARN_STRICT_PROTOTYPES = YES;
				CLANG_WARN_SUSPICIOUS_MOVE = YES;
				CLANG_WARN_UNGUARDED_AVAILABILITY = YES_AGGRESSIVE;
				CLANG_WARN_UNREACHABLE_CODE = YES;
				CLANG_WARN__DUPLICATE_METHOD_MATCH = YES;
				COPY_PHASE_STRIP = NO;
				DEBUG_INFORMATION_FORMAT = dwarf;
				ENABLE_STRICT_OBJC_MSGSEND = YES;
				ENABLE_TESTABILITY = YES;
				ENABLE_TESTING_SEARCH_PATHS = NO;
				GCC_C_LANGUAGE_STANDARD = gnu11;
				GCC_DYNAMIC_NO_PIC = NO;
				GCC_NO_COMMON_BLOCKS = YES;
				GCC_OPTIMIZATION_LEVEL = 0;
				GCC_PREPROCESSOR_DEFINITIONS = (
					"DEBUG=1",
					"$(inherited)",
				);
				GCC_WARN_64_TO_32_BIT_CONVERSION = YES;
				GCC_WARN_ABOUT_RETURN_TYPE = YES_ERROR;
				GCC_WARN_UNDECLARED_SELECTOR = YES;
				GCC_WARN_UNINITIALIZED_AUTOS = YES_AGGRESSIVE;
				GCC_WARN_UNUSED_FUNCTION = YES;
				GCC_WARN_UNUSED_VARIABLE = YES;
				IPHONEOS_DEPLOYMENT_TARGET = 15.0;
				MTL_ENABLE_DEBUG_INFO = INCLUDE_SOURCE;
				MTL_FAST_MATH = YES;
				ONLY_ACTIVE_ARCH = YES;
				PRODUCT_BUNDLE_IDENTIFIER = "$(PRODUCT_BUNDLE_IDENTIFIER)";
				SDKROOT = iphoneos;
				SWIFT_ACTIVE_COMPILATION_CONDITIONS = DEBUG;
				SWIFT_OPTIMIZATION_LEVEL = "-Onone";
			};
			name = Development;
		};
		2F56AE98256E68000007D0A2 /* Development */ = {
			isa = XCBuildConfiguration;
			buildSettings = {
				ASSETCATALOG_COMPILER_APPICON_NAME = AppIcon;
				CODE_SIGN_STYLE = Automatic;
				DEVELOPMENT_TEAM = K8J8CUXWK9;
				ENABLE_TESTABILITY = YES;
				INFOPLIST_FILE = BoilerPlateSwiftUI/Resources/Info.plist;
				IPHONEOS_DEPLOYMENT_TARGET = 15.0;
				LD_RUNPATH_SEARCH_PATHS = (
					"$(inherited)",
					"@executable_path/Frameworks",
				);
				PRODUCT_BUNDLE_IDENTIFIER = "$(PRODUCT_BUNDLE_IDENTIFIER)";
				PRODUCT_NAME = "$(TARGET_NAME)";
				SWIFT_VERSION = 5.0;
				TARGETED_DEVICE_FAMILY = "1,2";
			};
			name = Development;
		};
		2F56AE99256E68000007D0A2 /* Development */ = {
			isa = XCBuildConfiguration;
			buildSettings = {
				ALWAYS_EMBED_SWIFT_STANDARD_LIBRARIES = YES;
				BUNDLE_LOADER = "$(TEST_HOST)";
				CODE_SIGN_STYLE = Automatic;
				DEVELOPMENT_TEAM = K8J8CUXWK9;
				ENABLE_TESTING_SEARCH_PATHS = YES;
				INFOPLIST_FILE = BoilerPlateSwiftUITests/Info.plist;
				IPHONEOS_DEPLOYMENT_TARGET = 14.0;
				LD_RUNPATH_SEARCH_PATHS = (
					"$(inherited)",
					"@executable_path/Frameworks",
					"@loader_path/Frameworks",
				);
				PRODUCT_BUNDLE_IDENTIFIER = "com.adesso.boilerplate-ios-swiftuiTests";
				PRODUCT_NAME = "$(TARGET_NAME)";
				SWIFT_VERSION = 5.0;
				TARGETED_DEVICE_FAMILY = "1,2";
				TEST_HOST = "$(BUILT_PRODUCTS_DIR)/BoilerPlateSwiftUI.app/BoilerPlateSwiftUI";
			};
			name = Development;
		};
		2F56AE9A256E68000007D0A2 /* Development */ = {
			isa = XCBuildConfiguration;
			buildSettings = {
				ALWAYS_EMBED_SWIFT_STANDARD_LIBRARIES = YES;
				CLANG_ENABLE_MODULES = YES;
				CODE_SIGN_STYLE = Automatic;
				DEVELOPMENT_TEAM = K8J8CUXWK9;
				ENABLE_TESTING_SEARCH_PATHS = YES;
				INFOPLIST_FILE = BoilerPlateSwiftUIUITests/Info.plist;
				LD_RUNPATH_SEARCH_PATHS = (
					"$(inherited)",
					"@executable_path/Frameworks",
					"@loader_path/Frameworks",
				);
				PRODUCT_BUNDLE_IDENTIFIER = "com.adesso.boilerplate-ios-swiftuiUITests";
				PRODUCT_NAME = "$(TARGET_NAME)";
				PROVISIONING_PROFILE = "";
				SWIFT_OPTIMIZATION_LEVEL = "-Onone";
				SWIFT_VERSION = 5.0;
				TARGETED_DEVICE_FAMILY = "1,2";
				TEST_TARGET_NAME = BoilerPlateSwiftUI;
			};
			name = Development;
		};
		2FCDE11A2565722600203445 /* Production */ = {
			isa = XCBuildConfiguration;
			baseConfigurationReference = 2FCDE134256651EF00203445 /* Production.xcconfig */;
			buildSettings = {
				ALWAYS_SEARCH_USER_PATHS = NO;
				CLANG_ANALYZER_LOCALIZABILITY_NONLOCALIZED = YES;
				CLANG_ANALYZER_NONNULL = YES;
				CLANG_ANALYZER_NUMBER_OBJECT_CONVERSION = YES_AGGRESSIVE;
				CLANG_CXX_LANGUAGE_STANDARD = "gnu++14";
				CLANG_CXX_LIBRARY = "libc++";
				CLANG_ENABLE_MODULES = YES;
				CLANG_ENABLE_OBJC_ARC = YES;
				CLANG_ENABLE_OBJC_WEAK = YES;
				CLANG_WARN_BLOCK_CAPTURE_AUTORELEASING = YES;
				CLANG_WARN_BOOL_CONVERSION = YES;
				CLANG_WARN_COMMA = YES;
				CLANG_WARN_CONSTANT_CONVERSION = YES;
				CLANG_WARN_DEPRECATED_OBJC_IMPLEMENTATIONS = YES;
				CLANG_WARN_DIRECT_OBJC_ISA_USAGE = YES_ERROR;
				CLANG_WARN_DOCUMENTATION_COMMENTS = YES;
				CLANG_WARN_EMPTY_BODY = YES;
				CLANG_WARN_ENUM_CONVERSION = YES;
				CLANG_WARN_INFINITE_RECURSION = YES;
				CLANG_WARN_INT_CONVERSION = YES;
				CLANG_WARN_NON_LITERAL_NULL_CONVERSION = YES;
				CLANG_WARN_OBJC_IMPLICIT_RETAIN_SELF = YES;
				CLANG_WARN_OBJC_LITERAL_CONVERSION = YES;
				CLANG_WARN_OBJC_ROOT_CLASS = YES_ERROR;
				CLANG_WARN_QUOTED_INCLUDE_IN_FRAMEWORK_HEADER = YES;
				CLANG_WARN_RANGE_LOOP_ANALYSIS = YES;
				CLANG_WARN_STRICT_PROTOTYPES = YES;
				CLANG_WARN_SUSPICIOUS_MOVE = YES;
				CLANG_WARN_UNGUARDED_AVAILABILITY = YES_AGGRESSIVE;
				CLANG_WARN_UNREACHABLE_CODE = YES;
				CLANG_WARN__DUPLICATE_METHOD_MATCH = YES;
				COPY_PHASE_STRIP = NO;
				DEBUG_INFORMATION_FORMAT = dwarf;
				ENABLE_STRICT_OBJC_MSGSEND = YES;
				ENABLE_TESTABILITY = YES;
				ENABLE_TESTING_SEARCH_PATHS = NO;
				GCC_C_LANGUAGE_STANDARD = gnu11;
				GCC_DYNAMIC_NO_PIC = NO;
				GCC_NO_COMMON_BLOCKS = YES;
				GCC_OPTIMIZATION_LEVEL = 0;
				GCC_PREPROCESSOR_DEFINITIONS = (
					"DEBUG=1",
					"$(inherited)",
				);
				GCC_WARN_64_TO_32_BIT_CONVERSION = YES;
				GCC_WARN_ABOUT_RETURN_TYPE = YES_ERROR;
				GCC_WARN_UNDECLARED_SELECTOR = YES;
				GCC_WARN_UNINITIALIZED_AUTOS = YES_AGGRESSIVE;
				GCC_WARN_UNUSED_FUNCTION = YES;
				GCC_WARN_UNUSED_VARIABLE = YES;
				IPHONEOS_DEPLOYMENT_TARGET = 15.0;
				MTL_ENABLE_DEBUG_INFO = INCLUDE_SOURCE;
				MTL_FAST_MATH = YES;
				ONLY_ACTIVE_ARCH = YES;
				PRODUCT_BUNDLE_IDENTIFIER = "$(PRODUCT_BUNDLE_IDENTIFIER)";
				SDKROOT = iphoneos;
				SWIFT_ACTIVE_COMPILATION_CONDITIONS = DEBUG;
				SWIFT_OPTIMIZATION_LEVEL = "-Onone";
			};
			name = Production;
		};
		2FCDE11B2565722600203445 /* AppStore */ = {
			isa = XCBuildConfiguration;
			baseConfigurationReference = 2FCDE1352566520A00203445 /* AppStore.xcconfig */;
			buildSettings = {
				ALWAYS_SEARCH_USER_PATHS = NO;
				CLANG_ANALYZER_LOCALIZABILITY_NONLOCALIZED = YES;
				CLANG_ANALYZER_NONNULL = YES;
				CLANG_ANALYZER_NUMBER_OBJECT_CONVERSION = YES_AGGRESSIVE;
				CLANG_CXX_LANGUAGE_STANDARD = "gnu++14";
				CLANG_CXX_LIBRARY = "libc++";
				CLANG_ENABLE_MODULES = YES;
				CLANG_ENABLE_OBJC_ARC = YES;
				CLANG_ENABLE_OBJC_WEAK = YES;
				CLANG_WARN_BLOCK_CAPTURE_AUTORELEASING = YES;
				CLANG_WARN_BOOL_CONVERSION = YES;
				CLANG_WARN_COMMA = YES;
				CLANG_WARN_CONSTANT_CONVERSION = YES;
				CLANG_WARN_DEPRECATED_OBJC_IMPLEMENTATIONS = YES;
				CLANG_WARN_DIRECT_OBJC_ISA_USAGE = YES_ERROR;
				CLANG_WARN_DOCUMENTATION_COMMENTS = YES;
				CLANG_WARN_EMPTY_BODY = YES;
				CLANG_WARN_ENUM_CONVERSION = YES;
				CLANG_WARN_INFINITE_RECURSION = YES;
				CLANG_WARN_INT_CONVERSION = YES;
				CLANG_WARN_NON_LITERAL_NULL_CONVERSION = YES;
				CLANG_WARN_OBJC_IMPLICIT_RETAIN_SELF = YES;
				CLANG_WARN_OBJC_LITERAL_CONVERSION = YES;
				CLANG_WARN_OBJC_ROOT_CLASS = YES_ERROR;
				CLANG_WARN_QUOTED_INCLUDE_IN_FRAMEWORK_HEADER = YES;
				CLANG_WARN_RANGE_LOOP_ANALYSIS = YES;
				CLANG_WARN_STRICT_PROTOTYPES = YES;
				CLANG_WARN_SUSPICIOUS_MOVE = YES;
				CLANG_WARN_UNGUARDED_AVAILABILITY = YES_AGGRESSIVE;
				CLANG_WARN_UNREACHABLE_CODE = YES;
				CLANG_WARN__DUPLICATE_METHOD_MATCH = YES;
				COPY_PHASE_STRIP = NO;
				DEBUG_INFORMATION_FORMAT = "dwarf-with-dsym";
				ENABLE_NS_ASSERTIONS = NO;
				ENABLE_STRICT_OBJC_MSGSEND = YES;
				ENABLE_TESTING_SEARCH_PATHS = NO;
				GCC_C_LANGUAGE_STANDARD = gnu11;
				GCC_NO_COMMON_BLOCKS = YES;
				GCC_WARN_64_TO_32_BIT_CONVERSION = YES;
				GCC_WARN_ABOUT_RETURN_TYPE = YES_ERROR;
				GCC_WARN_UNDECLARED_SELECTOR = YES;
				GCC_WARN_UNINITIALIZED_AUTOS = YES_AGGRESSIVE;
				GCC_WARN_UNUSED_FUNCTION = YES;
				GCC_WARN_UNUSED_VARIABLE = YES;
				IPHONEOS_DEPLOYMENT_TARGET = 15.0;
				MTL_ENABLE_DEBUG_INFO = NO;
				MTL_FAST_MATH = YES;
				PRODUCT_BUNDLE_IDENTIFIER = "$(PRODUCT_BUNDLE_IDENTIFIER)";
				SDKROOT = iphoneos;
				SWIFT_COMPILATION_MODE = wholemodule;
				SWIFT_OPTIMIZATION_LEVEL = "-O";
				VALIDATE_PRODUCT = YES;
			};
			name = AppStore;
		};
		2FCDE11D2565722600203445 /* Production */ = {
			isa = XCBuildConfiguration;
			buildSettings = {
				ASSETCATALOG_COMPILER_APPICON_NAME = AppIcon;
				CODE_SIGN_STYLE = Automatic;
				DEVELOPMENT_TEAM = K8J8CUXWK9;
				ENABLE_TESTABILITY = YES;
				INFOPLIST_FILE = BoilerPlateSwiftUI/Resources/Info.plist;
				IPHONEOS_DEPLOYMENT_TARGET = 15.0;
				LD_RUNPATH_SEARCH_PATHS = (
					"$(inherited)",
					"@executable_path/Frameworks",
				);
				PRODUCT_BUNDLE_IDENTIFIER = "$(PRODUCT_BUNDLE_IDENTIFIER)";
				PRODUCT_NAME = "$(TARGET_NAME)";
				SWIFT_VERSION = 5.0;
				TARGETED_DEVICE_FAMILY = "1,2";
			};
			name = Production;
		};
		2FCDE11E2565722600203445 /* AppStore */ = {
			isa = XCBuildConfiguration;
			buildSettings = {
				ASSETCATALOG_COMPILER_APPICON_NAME = AppIcon;
				CODE_SIGN_STYLE = Automatic;
				DEVELOPMENT_TEAM = K8J8CUXWK9;
				INFOPLIST_FILE = BoilerPlateSwiftUI/Resources/Info.plist;
				IPHONEOS_DEPLOYMENT_TARGET = 15.0;
				LD_RUNPATH_SEARCH_PATHS = (
					"$(inherited)",
					"@executable_path/Frameworks",
				);
				PRODUCT_BUNDLE_IDENTIFIER = "$(PRODUCT_BUNDLE_IDENTIFIER)";
				PRODUCT_NAME = "$(TARGET_NAME)";
				SWIFT_VERSION = 5.0;
				TARGETED_DEVICE_FAMILY = "1,2";
			};
			name = AppStore;
		};
		2FCDE1202565722600203445 /* Production */ = {
			isa = XCBuildConfiguration;
			buildSettings = {
				ALWAYS_EMBED_SWIFT_STANDARD_LIBRARIES = YES;
				BUNDLE_LOADER = "$(TEST_HOST)";
				CODE_SIGN_STYLE = Automatic;
				DEVELOPMENT_TEAM = K8J8CUXWK9;
				ENABLE_TESTING_SEARCH_PATHS = YES;
				INFOPLIST_FILE = BoilerPlateSwiftUITests/Info.plist;
				IPHONEOS_DEPLOYMENT_TARGET = 14.0;
				LD_RUNPATH_SEARCH_PATHS = (
					"$(inherited)",
					"@executable_path/Frameworks",
					"@loader_path/Frameworks",
				);
				PRODUCT_BUNDLE_IDENTIFIER = "com.adesso.boilerplate-ios-swiftuiTests";
				PRODUCT_NAME = "$(TARGET_NAME)";
				SWIFT_VERSION = 5.0;
				TARGETED_DEVICE_FAMILY = "1,2";
				TEST_HOST = "$(BUILT_PRODUCTS_DIR)/BoilerPlateSwiftUI.app/BoilerPlateSwiftUI";
			};
			name = Production;
		};
		2FCDE1212565722600203445 /* AppStore */ = {
			isa = XCBuildConfiguration;
			buildSettings = {
				ALWAYS_EMBED_SWIFT_STANDARD_LIBRARIES = YES;
				BUNDLE_LOADER = "$(TEST_HOST)";
				CODE_SIGN_STYLE = Automatic;
				DEVELOPMENT_TEAM = K8J8CUXWK9;
				ENABLE_TESTING_SEARCH_PATHS = YES;
				INFOPLIST_FILE = BoilerPlateSwiftUITests/Info.plist;
				IPHONEOS_DEPLOYMENT_TARGET = 14.0;
				LD_RUNPATH_SEARCH_PATHS = (
					"$(inherited)",
					"@executable_path/Frameworks",
					"@loader_path/Frameworks",
				);
				PRODUCT_BUNDLE_IDENTIFIER = "com.adesso.boilerplate-ios-swiftuiTests";
				PRODUCT_NAME = "$(TARGET_NAME)";
				SWIFT_VERSION = 5.0;
				TARGETED_DEVICE_FAMILY = "1,2";
				TEST_HOST = "$(BUILT_PRODUCTS_DIR)/BoilerPlateSwiftUI.app/BoilerPlateSwiftUI";
			};
			name = AppStore;
		};
		2FCDE1232565722600203445 /* Production */ = {
			isa = XCBuildConfiguration;
			buildSettings = {
				ALWAYS_EMBED_SWIFT_STANDARD_LIBRARIES = YES;
				CLANG_ENABLE_MODULES = YES;
				CODE_SIGN_STYLE = Automatic;
				DEVELOPMENT_TEAM = K8J8CUXWK9;
				ENABLE_TESTING_SEARCH_PATHS = YES;
				INFOPLIST_FILE = BoilerPlateSwiftUIUITests/Info.plist;
				LD_RUNPATH_SEARCH_PATHS = (
					"$(inherited)",
					"@executable_path/Frameworks",
					"@loader_path/Frameworks",
				);
				PRODUCT_BUNDLE_IDENTIFIER = "com.adesso.boilerplate-ios-swiftuiUITests";
				PRODUCT_NAME = "$(TARGET_NAME)";
				PROVISIONING_PROFILE = "";
				SWIFT_OPTIMIZATION_LEVEL = "-Onone";
				SWIFT_VERSION = 5.0;
				TARGETED_DEVICE_FAMILY = "1,2";
				TEST_TARGET_NAME = BoilerPlateSwiftUI;
			};
			name = Production;
		};
		2FCDE1242565722600203445 /* AppStore */ = {
			isa = XCBuildConfiguration;
			buildSettings = {
				ALWAYS_EMBED_SWIFT_STANDARD_LIBRARIES = YES;
				CLANG_ENABLE_MODULES = YES;
				CODE_SIGN_STYLE = Automatic;
				DEVELOPMENT_TEAM = K8J8CUXWK9;
				ENABLE_TESTING_SEARCH_PATHS = YES;
				INFOPLIST_FILE = BoilerPlateSwiftUIUITests/Info.plist;
				LD_RUNPATH_SEARCH_PATHS = (
					"$(inherited)",
					"@executable_path/Frameworks",
					"@loader_path/Frameworks",
				);
				PRODUCT_BUNDLE_IDENTIFIER = "com.adesso.boilerplate-ios-swiftuiUITests";
				PRODUCT_NAME = "$(TARGET_NAME)";
				PROVISIONING_PROFILE = "";
				SWIFT_VERSION = 5.0;
				TARGETED_DEVICE_FAMILY = "1,2";
				TEST_TARGET_NAME = BoilerPlateSwiftUI;
			};
			name = AppStore;
		};
		72EB019F299E362700DF6C24 /* Development */ = {
			isa = XCBuildConfiguration;
			buildSettings = {
				ASSETCATALOG_COMPILER_APPICON_NAME = AppIcon;
				CODE_SIGN_STYLE = Automatic;
				DEVELOPMENT_TEAM = K8J8CUXWK9;
				ENABLE_TESTABILITY = YES;
				INFOPLIST_FILE = Info.plist;
				IPHONEOS_DEPLOYMENT_TARGET = 15.0;
				LD_RUNPATH_SEARCH_PATHS = (
					"$(inherited)",
					"@executable_path/Frameworks",
				);
				PRODUCT_BUNDLE_IDENTIFIER = "$(PRODUCT_BUNDLE_IDENTIFIER)";
				PRODUCT_NAME = "$(TARGET_NAME)";
				SWIFT_VERSION = 5.0;
				TARGETED_DEVICE_FAMILY = "1,2";
			};
			name = Development;
		};
		72EB01A1299E362700DF6C24 /* Production */ = {
			isa = XCBuildConfiguration;
			buildSettings = {
				ASSETCATALOG_COMPILER_APPICON_NAME = AppIcon;
				CODE_SIGN_STYLE = Automatic;
				DEVELOPMENT_TEAM = K8J8CUXWK9;
				ENABLE_TESTABILITY = YES;
				INFOPLIST_FILE = Info.plist;
				IPHONEOS_DEPLOYMENT_TARGET = 15.0;
				LD_RUNPATH_SEARCH_PATHS = (
					"$(inherited)",
					"@executable_path/Frameworks",
				);
				PRODUCT_BUNDLE_IDENTIFIER = "$(PRODUCT_BUNDLE_IDENTIFIER)";
				PRODUCT_NAME = "$(TARGET_NAME)";
				SWIFT_VERSION = 5.0;
				TARGETED_DEVICE_FAMILY = "1,2";
			};
			name = Production;
		};
		72EB01A2299E362700DF6C24 /* AppStore */ = {
			isa = XCBuildConfiguration;
			buildSettings = {
				ASSETCATALOG_COMPILER_APPICON_NAME = AppIcon;
				CODE_SIGN_STYLE = Automatic;
				DEVELOPMENT_TEAM = K8J8CUXWK9;
				INFOPLIST_FILE = Info.plist;
				IPHONEOS_DEPLOYMENT_TARGET = 15.0;
				LD_RUNPATH_SEARCH_PATHS = (
					"$(inherited)",
					"@executable_path/Frameworks",
				);
				PRODUCT_BUNDLE_IDENTIFIER = "$(PRODUCT_BUNDLE_IDENTIFIER)";
				PRODUCT_NAME = "$(TARGET_NAME)";
				SWIFT_VERSION = 5.0;
				TARGETED_DEVICE_FAMILY = "1,2";
			};
			name = AppStore;
		};
/* End XCBuildConfiguration section */

/* Begin XCConfigurationList section */
		2FCDE0ED2565722400203445 /* Build configuration list for PBXProject "BoilerPlateSwiftUI" */ = {
			isa = XCConfigurationList;
			buildConfigurations = (
				2F56AE97256E68000007D0A2 /* Development */,
				2FCDE11A2565722600203445 /* Production */,
				2FCDE11B2565722600203445 /* AppStore */,
			);
			defaultConfigurationIsVisible = 0;
			defaultConfigurationName = AppStore;
		};
		2FCDE11C2565722600203445 /* Build configuration list for PBXNativeTarget "BoilerPlateSwiftUI" */ = {
			isa = XCConfigurationList;
			buildConfigurations = (
				2F56AE98256E68000007D0A2 /* Development */,
				2FCDE11D2565722600203445 /* Production */,
				2FCDE11E2565722600203445 /* AppStore */,
			);
			defaultConfigurationIsVisible = 0;
			defaultConfigurationName = AppStore;
		};
		2FCDE11F2565722600203445 /* Build configuration list for PBXNativeTarget "BoilerPlateSwiftUITests" */ = {
			isa = XCConfigurationList;
			buildConfigurations = (
				2F56AE99256E68000007D0A2 /* Development */,
				2FCDE1202565722600203445 /* Production */,
				2FCDE1212565722600203445 /* AppStore */,
			);
			defaultConfigurationIsVisible = 0;
			defaultConfigurationName = AppStore;
		};
		2FCDE1222565722600203445 /* Build configuration list for PBXNativeTarget "BoilerPlateSwiftUIUITests" */ = {
			isa = XCConfigurationList;
			buildConfigurations = (
				2F56AE9A256E68000007D0A2 /* Development */,
				2FCDE1232565722600203445 /* Production */,
				2FCDE1242565722600203445 /* AppStore */,
			);
			defaultConfigurationIsVisible = 0;
			defaultConfigurationName = AppStore;
		};
		72EB019E299E362700DF6C24 /* Build configuration list for PBXNativeTarget "Pulse" */ = {
			isa = XCConfigurationList;
			buildConfigurations = (
				72EB019F299E362700DF6C24 /* Development */,
				72EB01A1299E362700DF6C24 /* Production */,
				72EB01A2299E362700DF6C24 /* AppStore */,
			);
			defaultConfigurationIsVisible = 0;
			defaultConfigurationName = AppStore;
		};
/* End XCConfigurationList section */

/* Begin XCRemoteSwiftPackageReference section */
		72EB016E299E310000DF6C24 /* XCRemoteSwiftPackageReference "Pulse" */ = {
			isa = XCRemoteSwiftPackageReference;
			repositoryURL = "https://github.com/kean/Pulse";
			requirement = {
				kind = upToNextMajorVersion;
				minimumVersion = 3.0.0;
			};
		};
		72EB0175299E362700DF6C24 /* XCRemoteSwiftPackageReference "CocoaLumberjack" */ = {
			isa = XCRemoteSwiftPackageReference;
			repositoryURL = "https://github.com/CocoaLumberjack/CocoaLumberjack";
			requirement = {
				kind = upToNextMajorVersion;
				minimumVersion = 3.7.0;
			};
		};
		D1703A4D28C9CDA70071EF00 /* XCRemoteSwiftPackageReference "CocoaLumberjack" */ = {
			isa = XCRemoteSwiftPackageReference;
			repositoryURL = "https://github.com/CocoaLumberjack/CocoaLumberjack";
			requirement = {
				kind = upToNextMajorVersion;
				minimumVersion = 3.7.0;
			};
		};
/* End XCRemoteSwiftPackageReference section */

/* Begin XCSwiftPackageProductDependency section */
		72EB0174299E362700DF6C24 /* CocoaLumberjackSwift */ = {
			isa = XCSwiftPackageProductDependency;
			package = 72EB0175299E362700DF6C24 /* XCRemoteSwiftPackageReference "CocoaLumberjack" */;
			productName = CocoaLumberjackSwift;
		};
		72EB01A9299E3DDF00DF6C24 /* Pulse */ = {
			isa = XCSwiftPackageProductDependency;
			package = 72EB016E299E310000DF6C24 /* XCRemoteSwiftPackageReference "Pulse" */;
			productName = Pulse;
		};
		72EB01AB299E3DDF00DF6C24 /* PulseUI */ = {
			isa = XCSwiftPackageProductDependency;
			package = 72EB016E299E310000DF6C24 /* XCRemoteSwiftPackageReference "Pulse" */;
			productName = PulseUI;
		};
		72EB01B3299E57AB00DF6C24 /* Pulse */ = {
			isa = XCSwiftPackageProductDependency;
			package = 72EB016E299E310000DF6C24 /* XCRemoteSwiftPackageReference "Pulse" */;
			productName = Pulse;
		};
		72EB01B5299E57AB00DF6C24 /* PulseUI */ = {
			isa = XCSwiftPackageProductDependency;
			package = 72EB016E299E310000DF6C24 /* XCRemoteSwiftPackageReference "Pulse" */;
			productName = PulseUI;
		};
		D1703A4E28C9CDA70071EF00 /* CocoaLumberjackSwift */ = {
			isa = XCSwiftPackageProductDependency;
			package = D1703A4D28C9CDA70071EF00 /* XCRemoteSwiftPackageReference "CocoaLumberjack" */;
			productName = CocoaLumberjackSwift;
		};
/* End XCSwiftPackageProductDependency section */
	};
	rootObject = 2FCDE0EA2565722400203445 /* Project object */;
}
